github.com/akamensky/argparse v1.3.1 h1:kP6+OyvR0fuBH6UhbE6yh/nskrDEIQgEA1SUXDPjx4g=
github.com/akamensky/argparse v1.3.1/go.mod h1:S5kwC7IuDcEr5VeXtGPRVZ5o/FdhcMlQz4IZQuw64xA=
github.com/davecgh/go-spew v1.1.0/go.mod h1:J7Y8YcW2NihsgmVo/mv3lAwl/skON4iLHjSsI+c5H38=
github.com/libp2p/go-reuseport v0.1.0 h1:0ooKOx2iwyIkf339WCZ2HN3ujTDbkK0PjC7JVoP1AiM=
github.com/libp2p/go-reuseport v0.1.0/go.mod h1:bQVn9hmfcTaoo0c9v5pBhOarsU1eNOBZdaAd2hzXRKU=
github.com/mileusna/useragent v1.0.2 h1:DgVKtiPnjxlb73z9bCwgdUvU2nQNQ97uhgfO8l9uz/w=
github.com/mileusna/useragent v1.0.2/go.mod h1:3d8TOmwL/5I8pJjyVDteHtgDGcefrFUX4ccGOMKNYYc=
github.com/pires/go-proxyproto v0.6.1 h1:EBupykFmo22SDjv4fQVQd2J9NOoLPmyZA/15ldOGkPw=
github.com/pires/go-proxyproto v0.6.1/go.mod h1:Odh9VFOZJCf9G8cLW5o435Xf1J95Jw9Gw5rnCjcwzAY=
github.com/pmezard/go-difflib v1.0.0/go.mod h1:iKH77koFhYxTK1pcRnkKkqfTogsbg7gZNVY4sRDYZ/4=
github.com/stretchr/objx v0.1.0/go.mod h1:HFkY916IF+rwdDfMAkV7OtwuqBVzrE8GR6GFx+wExME=
github.com/stretchr/testify v1.7.0/go.mod h1:6Fq8oRcR53rry900zMqJjRRixrwX3KX962/h/Wwjteg=
golang.org/x/sys v0.0.0-20190228124157-a34e9553db1e h1:ZytStCyV048ZqDsWHiYDdoI2Vd4msMcrDECFxS+tL9c=
golang.org/x/sys v0.0.0-20190228124157-a34e9553db1e/go.mod h1:STP8DvDyc/dI5b8T5hshtkjS+E42TnysNCUPdjciGhY=
gopkg.in/check.v1 v0.0.0-20161208181325-20d25e280405/go.mod h1:Co6ibVJAznAaIkqp8huTwlJQCZ016jof/cbN4VW5Yz0=
gopkg.in/ini.v1 v1.66.0 h1:tYFFjdYXTsNBxJhYBABRbTuaKkX6UBzOvbYwhEcaZJQ=
gopkg.in/ini.v1 v1.66.0/go.mod h1:pNLf8WUiyNEtQjuu5G5vTm06TEv9tsIgeAvK8hOrP4k=
gopkg.in/yaml.v3 v3.0.0-20200313102051-9f266ea9e77c/go.mod h1:K4uyk7z7BCEPqu6E+C64Yfv1cQ7kz7rIZviUmN+EgEM=
